// !$*UTF8*$!
{
	archiveVersion = 1;
	classes = {
	};
	objectVersion = 46;
	objects = {

/* Begin PBXBuildFile section */
		E8558B1D1E62DC56001BC3A1 /* CoachMarks.h in Headers */ = {isa = PBXBuildFile; fileRef = E8558B1B1E62DC56001BC3A1 /* CoachMarks.h */; settings = {ATTRIBUTES = (Public, ); }; };
		E8558B241E62DCA6001BC3A1 /* CoachmarkView.swift in Sources */ = {isa = PBXBuildFile; fileRef = E8558B231E62DCA6001BC3A1 /* CoachmarkView.swift */; };
		E8558B261E62DCE2001BC3A1 /* CircularView.swift in Sources */ = {isa = PBXBuildFile; fileRef = E8558B251E62DCE2001BC3A1 /* CircularView.swift */; };
		E8558B2D1E62DD2E001BC3A1 /* CGRect.swift in Sources */ = {isa = PBXBuildFile; fileRef = E8558B2C1E62DD2E001BC3A1 /* CGRect.swift */; };
		E8558B2F1E62DE03001BC3A1 /* CoachmarkViewDelegate.swift in Sources */ = {isa = PBXBuildFile; fileRef = E8558B2E1E62DE03001BC3A1 /* CoachmarkViewDelegate.swift */; };
		E8558B371E62E20E001BC3A1 /* AppDelegate.swift in Sources */ = {isa = PBXBuildFile; fileRef = E8558B361E62E20E001BC3A1 /* AppDelegate.swift */; };
		E8558B391E62E20E001BC3A1 /* ViewController.swift in Sources */ = {isa = PBXBuildFile; fileRef = E8558B381E62E20E001BC3A1 /* ViewController.swift */; };
		E8558B3C1E62E20E001BC3A1 /* Main.storyboard in Resources */ = {isa = PBXBuildFile; fileRef = E8558B3A1E62E20E001BC3A1 /* Main.storyboard */; };
		E8558B3E1E62E20E001BC3A1 /* Assets.xcassets in Resources */ = {isa = PBXBuildFile; fileRef = E8558B3D1E62E20E001BC3A1 /* Assets.xcassets */; };
		E8558B411E62E20E001BC3A1 /* LaunchScreen.storyboard in Resources */ = {isa = PBXBuildFile; fileRef = E8558B3F1E62E20E001BC3A1 /* LaunchScreen.storyboard */; };
		E8B1A87B1E638BF8006C238A /* UIView.swift in Sources */ = {isa = PBXBuildFile; fileRef = E8B1A87A1E638BF8006C238A /* UIView.swift */; };
/* End PBXBuildFile section */

/* Begin PBXContainerItemProxy section */
		E8558B461E62E21C001BC3A1 /* PBXContainerItemProxy */ = {
			isa = PBXContainerItemProxy;
			containerPortal = E8558B0F1E62DC56001BC3A1 /* Project object */;
			proxyType = 1;
			remoteGlobalIDString = E8558B171E62DC56001BC3A1;
			remoteInfo = CoachMarks;
		};
/* End PBXContainerItemProxy section */

/* Begin PBXFileReference section */
		E8558B181E62DC56001BC3A1 /* CoachMarks.framework */ = {isa = PBXFileReference; explicitFileType = wrapper.framework; includeInIndex = 0; path = CoachMarks.framework; sourceTree = BUILT_PRODUCTS_DIR; };
		E8558B1B1E62DC56001BC3A1 /* CoachMarks.h */ = {isa = PBXFileReference; lastKnownFileType = sourcecode.c.h; path = CoachMarks.h; sourceTree = "<group>"; };
		E8558B1C1E62DC56001BC3A1 /* Info.plist */ = {isa = PBXFileReference; lastKnownFileType = text.plist.xml; path = Info.plist; sourceTree = "<group>"; };
		E8558B231E62DCA6001BC3A1 /* CoachmarkView.swift */ = {isa = PBXFileReference; fileEncoding = 4; lastKnownFileType = sourcecode.swift; path = CoachmarkView.swift; sourceTree = "<group>"; };
		E8558B251E62DCE2001BC3A1 /* CircularView.swift */ = {isa = PBXFileReference; fileEncoding = 4; lastKnownFileType = sourcecode.swift; path = CircularView.swift; sourceTree = "<group>"; };
		E8558B2C1E62DD2E001BC3A1 /* CGRect.swift */ = {isa = PBXFileReference; fileEncoding = 4; lastKnownFileType = sourcecode.swift; path = CGRect.swift; sourceTree = "<group>"; };
		E8558B2E1E62DE03001BC3A1 /* CoachmarkViewDelegate.swift */ = {isa = PBXFileReference; fileEncoding = 4; lastKnownFileType = sourcecode.swift; path = CoachmarkViewDelegate.swift; sourceTree = "<group>"; };
		E8558B341E62E20E001BC3A1 /* CoachMarkExample.app */ = {isa = PBXFileReference; explicitFileType = wrapper.application; includeInIndex = 0; path = CoachMarkExample.app; sourceTree = BUILT_PRODUCTS_DIR; };
		E8558B361E62E20E001BC3A1 /* AppDelegate.swift */ = {isa = PBXFileReference; lastKnownFileType = sourcecode.swift; path = AppDelegate.swift; sourceTree = "<group>"; };
		E8558B381E62E20E001BC3A1 /* ViewController.swift */ = {isa = PBXFileReference; lastKnownFileType = sourcecode.swift; path = ViewController.swift; sourceTree = "<group>"; };
		E8558B3B1E62E20E001BC3A1 /* Base */ = {isa = PBXFileReference; lastKnownFileType = file.storyboard; name = Base; path = Base.lproj/Main.storyboard; sourceTree = "<group>"; };
		E8558B3D1E62E20E001BC3A1 /* Assets.xcassets */ = {isa = PBXFileReference; lastKnownFileType = folder.assetcatalog; path = Assets.xcassets; sourceTree = "<group>"; };
		E8558B401E62E20E001BC3A1 /* Base */ = {isa = PBXFileReference; lastKnownFileType = file.storyboard; name = Base; path = Base.lproj/LaunchScreen.storyboard; sourceTree = "<group>"; };
		E8558B421E62E20E001BC3A1 /* Info.plist */ = {isa = PBXFileReference; lastKnownFileType = text.plist.xml; path = Info.plist; sourceTree = "<group>"; };
		E8B1A87A1E638BF8006C238A /* UIView.swift */ = {isa = PBXFileReference; fileEncoding = 4; lastKnownFileType = sourcecode.swift; path = UIView.swift; sourceTree = "<group>"; };
/* End PBXFileReference section */

/* Begin PBXFrameworksBuildPhase section */
		E8558B141E62DC56001BC3A1 /* Frameworks */ = {
			isa = PBXFrameworksBuildPhase;
			buildActionMask = 2147483647;
			files = (
			);
			runOnlyForDeploymentPostprocessing = 0;
		};
		E8558B311E62E20E001BC3A1 /* Frameworks */ = {
			isa = PBXFrameworksBuildPhase;
			buildActionMask = 2147483647;
			files = (
			);
			runOnlyForDeploymentPostprocessing = 0;
		};
/* End PBXFrameworksBuildPhase section */

/* Begin PBXGroup section */
		E8558B0E1E62DC56001BC3A1 = {
			isa = PBXGroup;
			children = (
				E8558B1A1E62DC56001BC3A1 /* CoachMarks */,
				E8558B351E62E20E001BC3A1 /* CoachMarkExample */,
				E8558B191E62DC56001BC3A1 /* Products */,
			);
			sourceTree = "<group>";
		};
		E8558B191E62DC56001BC3A1 /* Products */ = {
			isa = PBXGroup;
			children = (
				E8558B181E62DC56001BC3A1 /* CoachMarks.framework */,
				E8558B341E62E20E001BC3A1 /* CoachMarkExample.app */,
			);
			name = Products;
			sourceTree = "<group>";
		};
		E8558B1A1E62DC56001BC3A1 /* CoachMarks */ = {
			isa = PBXGroup;
			children = (
				E8558B2B1E62DD25001BC3A1 /* Extensions */,
				E8558B251E62DCE2001BC3A1 /* CircularView.swift */,
				E8558B231E62DCA6001BC3A1 /* CoachmarkView.swift */,
				E8558B2E1E62DE03001BC3A1 /* CoachmarkViewDelegate.swift */,
				E8558B1B1E62DC56001BC3A1 /* CoachMarks.h */,
				E8558B1C1E62DC56001BC3A1 /* Info.plist */,
			);
			path = CoachMarks;
			sourceTree = "<group>";
		};
		E8558B2B1E62DD25001BC3A1 /* Extensions */ = {
			isa = PBXGroup;
			children = (
				E8558B2C1E62DD2E001BC3A1 /* CGRect.swift */,
				E8B1A87A1E638BF8006C238A /* UIView.swift */,
			);
			path = Extensions;
			sourceTree = "<group>";
		};
		E8558B351E62E20E001BC3A1 /* CoachMarkExample */ = {
			isa = PBXGroup;
			children = (
				E8558B361E62E20E001BC3A1 /* AppDelegate.swift */,
				E8558B381E62E20E001BC3A1 /* ViewController.swift */,
				E8558B3A1E62E20E001BC3A1 /* Main.storyboard */,
				E8558B3D1E62E20E001BC3A1 /* Assets.xcassets */,
				E8558B3F1E62E20E001BC3A1 /* LaunchScreen.storyboard */,
				E8558B421E62E20E001BC3A1 /* Info.plist */,
			);
			path = CoachMarkExample;
			sourceTree = "<group>";
		};
/* End PBXGroup section */

/* Begin PBXHeadersBuildPhase section */
		E8558B151E62DC56001BC3A1 /* Headers */ = {
			isa = PBXHeadersBuildPhase;
			buildActionMask = 2147483647;
			files = (
				E8558B1D1E62DC56001BC3A1 /* CoachMarks.h in Headers */,
			);
			runOnlyForDeploymentPostprocessing = 0;
		};
/* End PBXHeadersBuildPhase section */

/* Begin PBXNativeTarget section */
		E8558B171E62DC56001BC3A1 /* CoachMarks */ = {
			isa = PBXNativeTarget;
			buildConfigurationList = E8558B201E62DC56001BC3A1 /* Build configuration list for PBXNativeTarget "CoachMarks" */;
			buildPhases = (
				E8558B131E62DC56001BC3A1 /* Sources */,
				E8558B141E62DC56001BC3A1 /* Frameworks */,
				E8558B151E62DC56001BC3A1 /* Headers */,
				E8558B161E62DC56001BC3A1 /* Resources */,
			);
			buildRules = (
			);
			dependencies = (
			);
			name = CoachMarks;
			productName = CoachMarks;
			productReference = E8558B181E62DC56001BC3A1 /* CoachMarks.framework */;
			productType = "com.apple.product-type.framework";
		};
		E8558B331E62E20E001BC3A1 /* CoachMarkExample */ = {
			isa = PBXNativeTarget;
			buildConfigurationList = E8558B431E62E20E001BC3A1 /* Build configuration list for PBXNativeTarget "CoachMarkExample" */;
			buildPhases = (
				E8558B301E62E20E001BC3A1 /* Sources */,
				E8558B311E62E20E001BC3A1 /* Frameworks */,
				E8558B321E62E20E001BC3A1 /* Resources */,
			);
			buildRules = (
			);
			dependencies = (
				E8558B471E62E21C001BC3A1 /* PBXTargetDependency */,
			);
			name = CoachMarkExample;
			productName = CoachMarkExample;
			productReference = E8558B341E62E20E001BC3A1 /* CoachMarkExample.app */;
			productType = "com.apple.product-type.application";
		};
/* End PBXNativeTarget section */

/* Begin PBXProject section */
		E8558B0F1E62DC56001BC3A1 /* Project object */ = {
			isa = PBXProject;
			attributes = {
				LastSwiftUpdateCheck = 0820;
				LastUpgradeCheck = 1000;
				ORGANIZATIONNAME = pNre;
				TargetAttributes = {
					E8558B171E62DC56001BC3A1 = {
						CreatedOnToolsVersion = 8.2.1;
						LastSwiftMigration = 1000;
						ProvisioningStyle = Manual;
					};
					E8558B331E62E20E001BC3A1 = {
						CreatedOnToolsVersion = 8.2.1;
						LastSwiftMigration = 0910;
						ProvisioningStyle = Manual;
					};
				};
			};
			buildConfigurationList = E8558B121E62DC56001BC3A1 /* Build configuration list for PBXProject "CoachMarks" */;
			compatibilityVersion = "Xcode 3.2";
			developmentRegion = English;
			hasScannedForEncodings = 0;
			knownRegions = (
				en,
				Base,
			);
			mainGroup = E8558B0E1E62DC56001BC3A1;
			productRefGroup = E8558B191E62DC56001BC3A1 /* Products */;
			projectDirPath = "";
			projectRoot = "";
			targets = (
				E8558B171E62DC56001BC3A1 /* CoachMarks */,
				E8558B331E62E20E001BC3A1 /* CoachMarkExample */,
			);
		};
/* End PBXProject section */

/* Begin PBXResourcesBuildPhase section */
		E8558B161E62DC56001BC3A1 /* Resources */ = {
			isa = PBXResourcesBuildPhase;
			buildActionMask = 2147483647;
			files = (
			);
			runOnlyForDeploymentPostprocessing = 0;
		};
		E8558B321E62E20E001BC3A1 /* Resources */ = {
			isa = PBXResourcesBuildPhase;
			buildActionMask = 2147483647;
			files = (
				E8558B411E62E20E001BC3A1 /* LaunchScreen.storyboard in Resources */,
				E8558B3E1E62E20E001BC3A1 /* Assets.xcassets in Resources */,
				E8558B3C1E62E20E001BC3A1 /* Main.storyboard in Resources */,
			);
			runOnlyForDeploymentPostprocessing = 0;
		};
/* End PBXResourcesBuildPhase section */

/* Begin PBXSourcesBuildPhase section */
		E8558B131E62DC56001BC3A1 /* Sources */ = {
			isa = PBXSourcesBuildPhase;
			buildActionMask = 2147483647;
			files = (
				E8B1A87B1E638BF8006C238A /* UIView.swift in Sources */,
				E8558B241E62DCA6001BC3A1 /* CoachmarkView.swift in Sources */,
				E8558B2F1E62DE03001BC3A1 /* CoachmarkViewDelegate.swift in Sources */,
				E8558B2D1E62DD2E001BC3A1 /* CGRect.swift in Sources */,
				E8558B261E62DCE2001BC3A1 /* CircularView.swift in Sources */,
			);
			runOnlyForDeploymentPostprocessing = 0;
		};
		E8558B301E62E20E001BC3A1 /* Sources */ = {
			isa = PBXSourcesBuildPhase;
			buildActionMask = 2147483647;
			files = (
				E8558B391E62E20E001BC3A1 /* ViewController.swift in Sources */,
				E8558B371E62E20E001BC3A1 /* AppDelegate.swift in Sources */,
			);
			runOnlyForDeploymentPostprocessing = 0;
		};
/* End PBXSourcesBuildPhase section */

/* Begin PBXTargetDependency section */
		E8558B471E62E21C001BC3A1 /* PBXTargetDependency */ = {
			isa = PBXTargetDependency;
			target = E8558B171E62DC56001BC3A1 /* CoachMarks */;
			targetProxy = E8558B461E62E21C001BC3A1 /* PBXContainerItemProxy */;
		};
/* End PBXTargetDependency section */

/* Begin PBXVariantGroup section */
		E8558B3A1E62E20E001BC3A1 /* Main.storyboard */ = {
			isa = PBXVariantGroup;
			children = (
				E8558B3B1E62E20E001BC3A1 /* Base */,
			);
			name = Main.storyboard;
			sourceTree = "<group>";
		};
		E8558B3F1E62E20E001BC3A1 /* LaunchScreen.storyboard */ = {
			isa = PBXVariantGroup;
			children = (
				E8558B401E62E20E001BC3A1 /* Base */,
			);
			name = LaunchScreen.storyboard;
			sourceTree = "<group>";
		};
/* End PBXVariantGroup section */

/* Begin XCBuildConfiguration section */
		E8558B1E1E62DC56001BC3A1 /* Debug */ = {
			isa = XCBuildConfiguration;
			buildSettings = {
				ALWAYS_SEARCH_USER_PATHS = NO;
				CLANG_ANALYZER_NONNULL = YES;
				CLANG_CXX_LANGUAGE_STANDARD = "gnu++0x";
				CLANG_CXX_LIBRARY = "libc++";
				CLANG_ENABLE_MODULES = YES;
				CLANG_ENABLE_OBJC_ARC = YES;
				CLANG_WARN_BLOCK_CAPTURE_AUTORELEASING = YES;
				CLANG_WARN_BOOL_CONVERSION = YES;
				CLANG_WARN_COMMA = YES;
				CLANG_WARN_CONSTANT_CONVERSION = YES;
				CLANG_WARN_DEPRECATED_OBJC_IMPLEMENTATIONS = YES;
				CLANG_WARN_DIRECT_OBJC_ISA_USAGE = YES_ERROR;
				CLANG_WARN_DOCUMENTATION_COMMENTS = YES;
				CLANG_WARN_EMPTY_BODY = YES;
				CLANG_WARN_ENUM_CONVERSION = YES;
				CLANG_WARN_INFINITE_RECURSION = YES;
				CLANG_WARN_INT_CONVERSION = YES;
				CLANG_WARN_NON_LITERAL_NULL_CONVERSION = YES;
				CLANG_WARN_OBJC_IMPLICIT_RETAIN_SELF = YES;
				CLANG_WARN_OBJC_LITERAL_CONVERSION = YES;
				CLANG_WARN_OBJC_ROOT_CLASS = YES_ERROR;
				CLANG_WARN_RANGE_LOOP_ANALYSIS = YES;
				CLANG_WARN_STRICT_PROTOTYPES = YES;
				CLANG_WARN_SUSPICIOUS_MOVE = YES;
				CLANG_WARN_UNREACHABLE_CODE = YES;
				CLANG_WARN__DUPLICATE_METHOD_MATCH = YES;
				"CODE_SIGN_IDENTITY[sdk=iphoneos*]" = "iPhone Developer";
				COPY_PHASE_STRIP = NO;
				CURRENT_PROJECT_VERSION = 1;
				DEBUG_INFORMATION_FORMAT = dwarf;
				ENABLE_STRICT_OBJC_MSGSEND = YES;
				ENABLE_TESTABILITY = YES;
				GCC_C_LANGUAGE_STANDARD = gnu99;
				GCC_DYNAMIC_NO_PIC = NO;
				GCC_NO_COMMON_BLOCKS = YES;
				GCC_OPTIMIZATION_LEVEL = 0;
				GCC_PREPROCESSOR_DEFINITIONS = (
					"DEBUG=1",
					"$(inherited)",
				);
				GCC_WARN_64_TO_32_BIT_CONVERSION = YES;
				GCC_WARN_ABOUT_RETURN_TYPE = YES_ERROR;
				GCC_WARN_UNDECLARED_SELECTOR = YES;
				GCC_WARN_UNINITIALIZED_AUTOS = YES_AGGRESSIVE;
				GCC_WARN_UNUSED_FUNCTION = YES;
				GCC_WARN_UNUSED_VARIABLE = YES;
				IPHONEOS_DEPLOYMENT_TARGET = 10.2;
				MTL_ENABLE_DEBUG_INFO = YES;
				ONLY_ACTIVE_ARCH = YES;
				SDKROOT = iphoneos;
				SWIFT_ACTIVE_COMPILATION_CONDITIONS = DEBUG;
				SWIFT_OPTIMIZATION_LEVEL = "-Onone";
				TARGETED_DEVICE_FAMILY = "1,2";
				VERSIONING_SYSTEM = "apple-generic";
				VERSION_INFO_PREFIX = "";
			};
			name = Debug;
		};
		E8558B1F1E62DC56001BC3A1 /* Release */ = {
			isa = XCBuildConfiguration;
			buildSettings = {
				ALWAYS_SEARCH_USER_PATHS = NO;
				CLANG_ANALYZER_NONNULL = YES;
				CLANG_CXX_LANGUAGE_STANDARD = "gnu++0x";
				CLANG_CXX_LIBRARY = "libc++";
				CLANG_ENABLE_MODULES = YES;
				CLANG_ENABLE_OBJC_ARC = YES;
				CLANG_WARN_BLOCK_CAPTURE_AUTORELEASING = YES;
				CLANG_WARN_BOOL_CONVERSION = YES;
				CLANG_WARN_COMMA = YES;
				CLANG_WARN_CONSTANT_CONVERSION = YES;
				CLANG_WARN_DEPRECATED_OBJC_IMPLEMENTATIONS = YES;
				CLANG_WARN_DIRECT_OBJC_ISA_USAGE = YES_ERROR;
				CLANG_WARN_DOCUMENTATION_COMMENTS = YES;
				CLANG_WARN_EMPTY_BODY = YES;
				CLANG_WARN_ENUM_CONVERSION = YES;
				CLANG_WARN_INFINITE_RECURSION = YES;
				CLANG_WARN_INT_CONVERSION = YES;
				CLANG_WARN_NON_LITERAL_NULL_CONVERSION = YES;
				CLANG_WARN_OBJC_IMPLICIT_RETAIN_SELF = YES;
				CLANG_WARN_OBJC_LITERAL_CONVERSION = YES;
				CLANG_WARN_OBJC_ROOT_CLASS = YES_ERROR;
				CLANG_WARN_RANGE_LOOP_ANALYSIS = YES;
				CLANG_WARN_STRICT_PROTOTYPES = YES;
				CLANG_WARN_SUSPICIOUS_MOVE = YES;
				CLANG_WARN_UNREACHABLE_CODE = YES;
				CLANG_WARN__DUPLICATE_METHOD_MATCH = YES;
				"CODE_SIGN_IDENTITY[sdk=iphoneos*]" = "iPhone Developer";
				COPY_PHASE_STRIP = NO;
				CURRENT_PROJECT_VERSION = 1;
				DEBUG_INFORMATION_FORMAT = "dwarf-with-dsym";
				ENABLE_NS_ASSERTIONS = NO;
				ENABLE_STRICT_OBJC_MSGSEND = YES;
				GCC_C_LANGUAGE_STANDARD = gnu99;
				GCC_NO_COMMON_BLOCKS = YES;
				GCC_WARN_64_TO_32_BIT_CONVERSION = YES;
				GCC_WARN_ABOUT_RETURN_TYPE = YES_ERROR;
				GCC_WARN_UNDECLARED_SELECTOR = YES;
				GCC_WARN_UNINITIALIZED_AUTOS = YES_AGGRESSIVE;
				GCC_WARN_UNUSED_FUNCTION = YES;
				GCC_WARN_UNUSED_VARIABLE = YES;
				IPHONEOS_DEPLOYMENT_TARGET = 10.2;
				MTL_ENABLE_DEBUG_INFO = NO;
				SDKROOT = iphoneos;
				SWIFT_OPTIMIZATION_LEVEL = "-Owholemodule";
				TARGETED_DEVICE_FAMILY = "1,2";
				VALIDATE_PRODUCT = YES;
				VERSIONING_SYSTEM = "apple-generic";
				VERSION_INFO_PREFIX = "";
			};
			name = Release;
		};
		E8558B211E62DC56001BC3A1 /* Debug */ = {
			isa = XCBuildConfiguration;
			buildSettings = {
				CLANG_ENABLE_MODULES = YES;
				CODE_SIGN_IDENTITY = "";
				DEFINES_MODULE = YES;
				DEVELOPMENT_TEAM = "";
				DYLIB_COMPATIBILITY_VERSION = 1;
				DYLIB_CURRENT_VERSION = 1;
				DYLIB_INSTALL_NAME_BASE = "@rpath";
				INFOPLIST_FILE = CoachMarks/Info.plist;
				INSTALL_PATH = "$(LOCAL_LIBRARY_DIR)/Frameworks";
				IPHONEOS_DEPLOYMENT_TARGET = 8.0;
				LD_RUNPATH_SEARCH_PATHS = "$(inherited) @executable_path/Frameworks @loader_path/Frameworks";
				PRODUCT_BUNDLE_IDENTIFIER = com.pNre.CoachMarks;
				PRODUCT_NAME = "$(TARGET_NAME)";
				SKIP_INSTALL = YES;
				SWIFT_OPTIMIZATION_LEVEL = "-Onone";
				SWIFT_VERSION = 4.2;
			};
			name = Debug;
		};
		E8558B221E62DC56001BC3A1 /* Release */ = {
			isa = XCBuildConfiguration;
			buildSettings = {
				CLANG_ENABLE_MODULES = YES;
				CODE_SIGN_IDENTITY = "";
				DEFINES_MODULE = YES;
				DEVELOPMENT_TEAM = "";
				DYLIB_COMPATIBILITY_VERSION = 1;
				DYLIB_CURRENT_VERSION = 1;
				DYLIB_INSTALL_NAME_BASE = "@rpath";
				INFOPLIST_FILE = CoachMarks/Info.plist;
				INSTALL_PATH = "$(LOCAL_LIBRARY_DIR)/Frameworks";
				IPHONEOS_DEPLOYMENT_TARGET = 8.0;
				LD_RUNPATH_SEARCH_PATHS = "$(inherited) @executable_path/Frameworks @loader_path/Frameworks";
				PRODUCT_BUNDLE_IDENTIFIER = com.pNre.CoachMarks;
				PRODUCT_NAME = "$(TARGET_NAME)";
				SKIP_INSTALL = YES;
				SWIFT_VERSION = 4.2;
			};
			name = Release;
		};
		E8558B441E62E20E001BC3A1 /* Debug */ = {
			isa = XCBuildConfiguration;
			buildSettings = {
				ASSETCATALOG_COMPILER_APPICON_NAME = AppIcon;
				DEVELOPMENT_TEAM = "";
				INFOPLIST_FILE = CoachMarkExample/Info.plist;
				IPHONEOS_DEPLOYMENT_TARGET = 9.3;
				LD_RUNPATH_SEARCH_PATHS = "$(inherited) @executable_path/Frameworks";
				PRODUCT_BUNDLE_IDENTIFIER = com.pNre.CoachMarkExample;
				PRODUCT_NAME = "$(TARGET_NAME)";
				SWIFT_VERSION = 4.0;
			};
			name = Debug;
		};
		E8558B451E62E20E001BC3A1 /* Release */ = {
			isa = XCBuildConfiguration;
			buildSettings = {
				ASSETCATALOG_COMPILER_APPICON_NAME = AppIcon;
				DEVELOPMENT_TEAM = "";
				INFOPLIST_FILE = CoachMarkExample/Info.plist;
				IPHONEOS_DEPLOYMENT_TARGET = 9.3;
				LD_RUNPATH_SEARCH_PATHS = "$(inherited) @executable_path/Frameworks";
				PRODUCT_BUNDLE_IDENTIFIER = com.pNre.CoachMarkExample;
				PRODUCT_NAME = "$(TARGET_NAME)";
				SWIFT_VERSION = 4.0;
			};
			name = Release;
		};
/* End XCBuildConfiguration section */

/* Begin XCConfigurationList section */
		E8558B121E62DC56001BC3A1 /* Build configuration list for PBXProject "CoachMarks" */ = {
			isa = XCConfigurationList;
			buildConfigurations = (
				E8558B1E1E62DC56001BC3A1 /* Debug */,
				E8558B1F1E62DC56001BC3A1 /* Release */,
			);
			defaultConfigurationIsVisible = 0;
			defaultConfigurationName = Release;
		};
		E8558B201E62DC56001BC3A1 /* Build configuration list for PBXNativeTarget "CoachMarks" */ = {
			isa = XCConfigurationList;
			buildConfigurations = (
				E8558B211E62DC56001BC3A1 /* Debug */,
				E8558B221E62DC56001BC3A1 /* Release */,
			);
			defaultConfigurationIsVisible = 0;
			defaultConfigurationName = Release;
		};
		E8558B431E62E20E001BC3A1 /* Build configuration list for PBXNativeTarget "CoachMarkExample" */ = {
			isa = XCConfigurationList;
			buildConfigurations = (
				E8558B441E62E20E001BC3A1 /* Debug */,
				E8558B451E62E20E001BC3A1 /* Release */,
			);
			defaultConfigurationIsVisible = 0;
			defaultConfigurationName = Release;
		};
/* End XCConfigurationList section */
	};
	rootObject = E8558B0F1E62DC56001BC3A1 /* Project object */;
}
